
Microsoft Visual Studio Solution File, Format Version 12.00
# Visual Studio Version 17
VisualStudioVersion = 17.5.33530.505
MinimumVisualStudioVersion = 10.0.40219.1
Project("{9A19103F-16F7-4668-BE54-9A1E7A4F7556}") = "Block1", "Block1\Block1.csproj", "{179962B1-FB65-4BB6-8E0D-F2043E1513CB}"
EndProject
Project("{9A19103F-16F7-4668-BE54-9A1E7A4F7556}") = "HRLibrary", "HRLibrary\HRLibrary.csproj", "{31507CD9-6486-4D67-8703-1AE383A43843}"
EndProject
Project("{9A19103F-16F7-4668-BE54-9A1E7A4F7556}") = "ABCPayroll", "ABCPayroll\ABCPayroll.csproj", "{8C67B35A-FDCE-47C9-9929-5104B9058FA8}"
EndProject
Project("{9A19103F-16F7-4668-BE54-9A1E7A4F7556}") = "InventoryLab", "block2-lab\InventoryLab.csproj", "{F685B1CA-3FC7-4999-9A04-611829C7D338}"
	ProjectSection(ProjectDependencies) = postProject
		{7B684647-204F-4058-9080-623A39D8C1F3} = {7B684647-204F-4058-9080-623A39D8C1F3}
	EndProjectSection
EndProject
Project("{9A19103F-16F7-4668-BE54-9A1E7A4F7556}") = "InventoryLibrary", "Block2LabLibrary\InventoryLibrary.csproj", "{5136A3F5-1218-4D94-8E6A-693E0397DB34}"
EndProject
Project("{9A19103F-16F7-4668-BE54-9A1E7A4F7556}") = "InventoryInterfaces", "Block2Interfaces\InventoryInterfaces.csproj", "{7B684647-204F-4058-9080-623A39D8C1F3}"
EndProject
Project("{2150E333-8FDC-42A3-9474-1A3956D46DE8}") = "Block 1", "Block 1", "{6089888A-614A-4F64-A8FB-F1B77FE3AF31}"
EndProject
Project("{2150E333-8FDC-42A3-9474-1A3956D46DE8}") = "Block 2", "Block 2", "{31EFDBB8-B276-4A6E-941E-41D82165759F}"
EndProject
Project("{2150E333-8FDC-42A3-9474-1A3956D46DE8}") = "Block 3", "Block 3", "{ABC815A9-8D0A-40A6-991D-36383E7DD8AD}"
EndProject
Project("{9A19103F-16F7-4668-BE54-9A1E7A4F7556}") = "Block3", "Block3\Block3.csproj", "{B6CA36AA-3E4C-49C9-A866-E4B2D7D33735}"
EndProject
Project("{FAE04EC0-301F-11D3-BF4B-00C04F79EFBC}") = "Block4", "Block4\Block4.csproj", "{D06E2C18-4098-41BD-BB84-3D2FFF15C929}"
EndProject
Global
	GlobalSection(SolutionConfigurationPlatforms) = preSolution
		Debug|Any CPU = Debug|Any CPU
		Release|Any CPU = Release|Any CPU
	EndGlobalSection
	GlobalSection(ProjectConfigurationPlatforms) = postSolution
		{179962B1-FB65-4BB6-8E0D-F2043E1513CB}.Debug|Any CPU.ActiveCfg = Debug|Any CPU
		{179962B1-FB65-4BB6-8E0D-F2043E1513CB}.Debug|Any CPU.Build.0 = Debug|Any CPU
		{179962B1-FB65-4BB6-8E0D-F2043E1513CB}.Release|Any CPU.ActiveCfg = Release|Any CPU
		{179962B1-FB65-4BB6-8E0D-F2043E1513CB}.Release|Any CPU.Build.0 = Release|Any CPU
		{31507CD9-6486-4D67-8703-1AE383A43843}.Debug|Any CPU.ActiveCfg = Debug|Any CPU
		{31507CD9-6486-4D67-8703-1AE383A43843}.Debug|Any CPU.Build.0 = Debug|Any CPU
		{31507CD9-6486-4D67-8703-1AE383A43843}.Release|Any CPU.ActiveCfg = Release|Any CPU
		{31507CD9-6486-4D67-8703-1AE383A43843}.Release|Any CPU.Build.0 = Release|Any CPU
		{8C67B35A-FDCE-47C9-9929-5104B9058FA8}.Debug|Any CPU.ActiveCfg = Debug|Any CPU
		{8C67B35A-FDCE-47C9-9929-5104B9058FA8}.Debug|Any CPU.Build.0 = Debug|Any CPU
		{8C67B35A-FDCE-47C9-9929-5104B9058FA8}.Release|Any CPU.ActiveCfg = Release|Any CPU
		{8C67B35A-FDCE-47C9-9929-5104B9058FA8}.Release|Any CPU.Build.0 = Release|Any CPU
		{F685B1CA-3FC7-4999-9A04-611829C7D338}.Debug|Any CPU.ActiveCfg = Debug|Any CPU
		{F685B1CA-3FC7-4999-9A04-611829C7D338}.Debug|Any CPU.Build.0 = Debug|Any CPU
		{F685B1CA-3FC7-4999-9A04-611829C7D338}.Release|Any CPU.ActiveCfg = Release|Any CPU
		{F685B1CA-3FC7-4999-9A04-611829C7D338}.Release|Any CPU.Build.0 = Release|Any CPU
		{5136A3F5-1218-4D94-8E6A-693E0397DB34}.Debug|Any CPU.ActiveCfg = Debug|Any CPU
		{5136A3F5-1218-4D94-8E6A-693E0397DB34}.Debug|Any CPU.Build.0 = Debug|Any CPU
		{5136A3F5-1218-4D94-8E6A-693E0397DB34}.Release|Any CPU.ActiveCfg = Release|Any CPU
		{5136A3F5-1218-4D94-8E6A-693E0397DB34}.Release|Any CPU.Build.0 = Release|Any CPU
		{7B684647-204F-4058-9080-623A39D8C1F3}.Debug|Any CPU.ActiveCfg = Debug|Any CPU
		{7B684647-204F-4058-9080-623A39D8C1F3}.Debug|Any CPU.Build.0 = Debug|Any CPU
		{7B684647-204F-4058-9080-623A39D8C1F3}.Release|Any CPU.ActiveCfg = Release|Any CPU
		{7B684647-204F-4058-9080-623A39D8C1F3}.Release|Any CPU.Build.0 = Release|Any CPU
		{B6CA36AA-3E4C-49C9-A866-E4B2D7D33735}.Debug|Any CPU.ActiveCfg = Debug|Any CPU
		{B6CA36AA-3E4C-49C9-A866-E4B2D7D33735}.Debug|Any CPU.Build.0 = Debug|Any CPU
		{B6CA36AA-3E4C-49C9-A866-E4B2D7D33735}.Release|Any CPU.ActiveCfg = Release|Any CPU
		{B6CA36AA-3E4C-49C9-A866-E4B2D7D33735}.Release|Any CPU.Build.0 = Release|Any CPU
		{D06E2C18-4098-41BD-BB84-3D2FFF15C929}.Debug|Any CPU.ActiveCfg = Debug|Any CPU
		{D06E2C18-4098-41BD-BB84-3D2FFF15C929}.Debug|Any CPU.Build.0 = Debug|Any CPU
		{D06E2C18-4098-41BD-BB84-3D2FFF15C929}.Release|Any CPU.ActiveCfg = Release|Any CPU
		{D06E2C18-4098-41BD-BB84-3D2FFF15C929}.Release|Any CPU.Build.0 = Release|Any CPU
	EndGlobalSection
	GlobalSection(SolutionProperties) = preSolution
		HideSolutionNode = FALSE
	EndGlobalSection
	GlobalSection(NestedProjects) = preSolution
		{179962B1-FB65-4BB6-8E0D-F2043E1513CB} = {6089888A-614A-4F64-A8FB-F1B77FE3AF31}
		{31507CD9-6486-4D67-8703-1AE383A43843} = {6089888A-614A-4F64-A8FB-F1B77FE3AF31}
		{8C67B35A-FDCE-47C9-9929-5104B9058FA8} = {31EFDBB8-B276-4A6E-941E-41D82165759F}
		{F685B1CA-3FC7-4999-9A04-611829C7D338} = {31EFDBB8-B276-4A6E-941E-41D82165759F}
		{5136A3F5-1218-4D94-8E6A-693E0397DB34} = {31EFDBB8-B276-4A6E-941E-41D82165759F}
		{7B684647-204F-4058-9080-623A39D8C1F3} = {31EFDBB8-B276-4A6E-941E-41D82165759F}
	EndGlobalSection
	GlobalSection(ExtensibilityGlobals) = postSolution
		SolutionGuid = {67CFDC58-C3D9-46D1-8705-73C361BCE48D}
	EndGlobalSection
EndGlobal
